// !$*UTF8*$!
{
	archiveVersion = 1;
	classes = {
	};
	objectVersion = 77;
	objects = {

/* Begin PBXBuildFile section */
		062932249F991E774E3C46E5 /* WatchRootView.swift in Sources */ = {isa = PBXBuildFile; fileRef = 73A1E29F33A92EE18B199E7B /* WatchRootView.swift */; };
		0B1C39393FB62A3A9591DD8E /* RestTimerView.swift in Sources */ = {isa = PBXBuildFile; fileRef = 502F63226C88CF40CFC46E4D /* RestTimerView.swift */; };
		19C5152A069F05E5BEA1B0E0 /* WatchSessionState.swift in Sources */ = {isa = PBXBuildFile; fileRef = 4252419B8C1BBE0D162E7E9B /* WatchSessionState.swift */; };
		1CF9D0D19A570E53E1053EEF /* WatchDesignSystem.swift in Sources */ = {isa = PBXBuildFile; fileRef = 1814B02BEC6D43771E84E780 /* WatchDesignSystem.swift */; };
		3B93B0E5ECD228F565ECB993 /* SetInputView.swift in Sources */ = {isa = PBXBuildFile; fileRef = 4ACD7074563C9CE7C8A60688 /* SetInputView.swift */; };
		49EE1B36BF06E6AF7C6FA773 /* WatchConnectivityServiceProtocol.swift in Sources */ = {isa = PBXBuildFile; fileRef = AEF39B94E3FEE2228B97E6EB /* WatchConnectivityServiceProtocol.swift */; };
		4BD5ECB618A3A5D471DA42EE /* ExerciseView.swift in Sources */ = {isa = PBXBuildFile; fileRef = 38A7C1E4217F01408DED71A9 /* ExerciseView.swift */; };
		53915FA4854E5025B25E7AB0 /* HeartRateView.swift in Sources */ = {isa = PBXBuildFile; fileRef = 0E4E3595D0A748E3C7582B7A /* HeartRateView.swift */; };
		5B44A95BE5631E390165A712 /* Foundation.framework in Frameworks */ = {isa = PBXBuildFile; fileRef = C2949198870ED2274810F964 /* Foundation.framework */; };
		5FCD8CDCE841F220919C88BA /* PhoneConnectivityService.swift in Sources */ = {isa = PBXBuildFile; fileRef = 18B2011487FE3FF8CEE3691C /* PhoneConnectivityService.swift */; };
		67A1E4D586E585AF3964190C /* WorkoutSummaryView.swift in Sources */ = {isa = PBXBuildFile; fileRef = 08B96E7FD30182C47145A7DD /* WorkoutSummaryView.swift */; };
		6897E95DF326B8FDE2FDB82E /* SharedColors.swift in Sources */ = {isa = PBXBuildFile; fileRef = 48C1C30670A2CDAB7612B064 /* SharedColors.swift */; };
		6E56C18EE9197EB2C2AA58BA /* WatchSessionViewModel.swift in Sources */ = {isa = PBXBuildFile; fileRef = 381253BEBCA36572AE840307 /* WatchSessionViewModel.swift */; };
		7400000000000000000000C1 /* GoogleSignIn in Frameworks */ = {isa = PBXBuildFile; productRef = 7400000000000000000000B5 /* GoogleSignIn */; };
		7400000000000000000000C2 /* GoogleSignInSwift in Frameworks */ = {isa = PBXBuildFile; productRef = 7400000000000000000000B6 /* GoogleSignInSwift */; };
		7400000000000000000000C3 /* Agrume in Frameworks */ = {isa = PBXBuildFile; productRef = 7400000000000000000000B7 /* Agrume */; };
		7400000000000000000000C4 /* SDWebImageSwiftUI in Frameworks */ = {isa = PBXBuildFile; productRef = 7400000000000000000000B8 /* SDWebImageSwiftUI */; };
		7457A8092F62FCD900A0721E /* Alamofire in Frameworks */ = {isa = PBXBuildFile; productRef = 7400000000000000000000B1 /* Alamofire */; };
		7457A80A2F62FCD900A0721E /* Swinject in Frameworks */ = {isa = PBXBuildFile; productRef = 7400000000000000000000B2 /* Swinject */; };
		7476C35C2F927D7E0021D04E /* GymJam.storekit in Resources */ = {isa = PBXBuildFile; fileRef = 7476C35B2F927D7E0021D04E /* GymJam.storekit */; };
		748C84EA2F6300E300DCBF42 /* Supabase in Frameworks */ = {isa = PBXBuildFile; productRef = 7400000000000000000000B3 /* Supabase */; };
		748C84EB2F6300E300DCBF42 /* Auth in Frameworks */ = {isa = PBXBuildFile; productRef = 7400000000000000000000B4 /* Auth */; };
		74C81D942F85185B006BC9EF /* WidgetKit.framework in Frameworks */ = {isa = PBXBuildFile; fileRef = 74C81D932F85185B006BC9EF /* WidgetKit.framework */; };
		74C81D962F85185B006BC9EF /* SwiftUI.framework in Frameworks */ = {isa = PBXBuildFile; fileRef = 74C81D952F85185B006BC9EF /* SwiftUI.framework */; };
		74C81DA52F85185D006BC9EF /* GymJamWidgetsExtension.appex in Embed Foundation Extensions */ = {isa = PBXBuildFile; fileRef = 74C81D912F85185A006BC9EF /* GymJamWidgetsExtension.appex */; settings = {ATTRIBUTES = (RemoveHeadersOnCopy, ); }; };
		74C81DB12F851900006BC9EF /* GymBro/Models/LiveActivity/WorkoutActivityAttributes.swift in Sources */ = {isa = PBXBuildFile; fileRef = 74C81DB02F851900006BC9EF /* GymBro/Models/LiveActivity/WorkoutActivityAttributes.swift */; };
		74C834272F8698FB006BC9EF /* GymJamWatch.app in Embed Watch Content */ = {isa = PBXBuildFile; fileRef = D4E95AB36E2F198811D3B986 /* GymJamWatch.app */; settings = {ATTRIBUTES = (RemoveHeadersOnCopy, ); }; };
		74C8F57D2F73ED9E006BC9EF /* FirebaseMessaging in Frameworks */ = {isa = PBXBuildFile; productRef = 74C8F57C2F73ED9E006BC9EF /* FirebaseMessaging */; };
		74C8F57F2F73ED9E006BC9EF /* FirebaseAnalytics in Frameworks */ = {isa = PBXBuildFile; productRef = 74C8F57E2F73ED9E006BC9EF /* FirebaseAnalytics */; };
		74C8F5882F756497006BC9EF /* Dev.xcconfig in Resources */ = {isa = PBXBuildFile; fileRef = 74C8F5872F756497006BC9EF /* Dev.xcconfig */; };
		74C8F58A2F7564AD006BC9EF /* Prod.xcconfig in Resources */ = {isa = PBXBuildFile; fileRef = 74C8F5892F7564AD006BC9EF /* Prod.xcconfig */; };
		74D0000000000000000000F1 /* Staging.xcconfig in Resources */ = {isa = PBXBuildFile; fileRef = 74D0000000000000000000F0 /* Staging.xcconfig */; };
		79F195F204038875D0CA2405 /* WatchSessionState.swift in Sources */ = {isa = PBXBuildFile; fileRef = 4252419B8C1BBE0D162E7E9B /* WatchSessionState.swift */; };
		819772FED370B15DF1EA231C /* GymJamWatchApp.swift in Sources */ = {isa = PBXBuildFile; fileRef = ABF61128873C8D9837EDE923 /* GymJamWatchApp.swift */; };
		81E8558401C694D67B60F568 /* WatchMessage.swift in Sources */ = {isa = PBXBuildFile; fileRef = 98D72054E53B680822508140 /* WatchMessage.swift */; };
		8A1120E2D1B51754598C9E38 /* WatchDependencyContainer.swift in Sources */ = {isa = PBXBuildFile; fileRef = 1BAC7BAEACF643EEB325ED08 /* WatchDependencyContainer.swift */; };
		95F6DD6F71D6EB76B10072B5 /* WatchWorkoutService.swift in Sources */ = {isa = PBXBuildFile; fileRef = 49E30001AB8447008F7768DF /* WatchWorkoutService.swift */; };
		9AAF4334742F3CF01F4CDB17 /* WatchConnectivityService.swift in Sources */ = {isa = PBXBuildFile; fileRef = AD6915021B092297593BA39A /* WatchConnectivityService.swift */; };
		A284AF73009B7BB89A161B8A /* Assets.xcassets in Resources */ = {isa = PBXBuildFile; fileRef = 2112F14B1BE4969043A3EF0F /* Assets.xcassets */; };
		AA7919358CDD9AB83456B448 /* ActiveWorkoutView.swift in Sources */ = {isa = PBXBuildFile; fileRef = 16C9857F3CA2C0447C6EED24 /* ActiveWorkoutView.swift */; };
		AFE08BC37A2BB96F7904AFA5 /* WatchRestTimerViewModel.swift in Sources */ = {isa = PBXBuildFile; fileRef = 0FA2E9457EA93D5A6BD5F854 /* WatchRestTimerViewModel.swift */; };
		D65DA3D0D7CE95E412033E85 /* WatchSetLoggingViewModel.swift in Sources */ = {isa = PBXBuildFile; fileRef = 6E16FB2D755932C3A053FCD7 /* WatchSetLoggingViewModel.swift */; };
		D76D93DB24331F6F3D29410A /* SharedColors.swift in Sources */ = {isa = PBXBuildFile; fileRef = 48C1C30670A2CDAB7612B064 /* SharedColors.swift */; };
		D887E4A0FAFB053E06D059C5 /* WatchMessage.swift in Sources */ = {isa = PBXBuildFile; fileRef = 98D72054E53B680822508140 /* WatchMessage.swift */; };
/* End PBXBuildFile section */

/* Begin PBXContainerItemProxy section */
		743C12CB2F62F80500DDED12 /* PBXContainerItemProxy */ = {
			isa = PBXContainerItemProxy;
			containerPortal = 743C12B52F62F80400DDED12 /* Project object */;
			proxyType = 1;
			remoteGlobalIDString = 743C12BC2F62F80400DDED12;
			remoteInfo = GymBro;
		};
		743C12D52F62F80500DDED12 /* PBXContainerItemProxy */ = {
			isa = PBXContainerItemProxy;
			containerPortal = 743C12B52F62F80400DDED12 /* Project object */;
			proxyType = 1;
			remoteGlobalIDString = 743C12BC2F62F80400DDED12;
			remoteInfo = GymBro;
		};
		74C81DA32F85185D006BC9EF /* PBXContainerItemProxy */ = {
			isa = PBXContainerItemProxy;
			containerPortal = 743C12B52F62F80400DDED12 /* Project object */;
			proxyType = 1;
			remoteGlobalIDString = 74C81D902F85185A006BC9EF;
			remoteInfo = GymJamWidgetsExtension;
		};
		74C834282F8698FB006BC9EF /* PBXContainerItemProxy */ = {
			isa = PBXContainerItemProxy;
			containerPortal = 743C12B52F62F80400DDED12 /* Project object */;
			proxyType = 1;
			remoteGlobalIDString = 1661B9E36FB8500A6CA4F5F0;
			remoteInfo = GymJamWatch;
		};
		74C8342B2F869907006BC9EF /* PBXContainerItemProxy */ = {
			isa = PBXContainerItemProxy;
			containerPortal = 743C12B52F62F80400DDED12 /* Project object */;
			proxyType = 1;
			remoteGlobalIDString = 1661B9E36FB8500A6CA4F5F0;
			remoteInfo = GymJamWatch;
		};
		74C8342D2F86991A006BC9EF /* PBXContainerItemProxy */ = {
			isa = PBXContainerItemProxy;
			containerPortal = 743C12B52F62F80400DDED12 /* Project object */;
			proxyType = 1;
			remoteGlobalIDString = 1661B9E36FB8500A6CA4F5F0;
			remoteInfo = GymJamWatch;
		};
/* End PBXContainerItemProxy section */

/* Begin PBXCopyFilesBuildPhase section */
		74C81DAB2F85185D006BC9EF /* Embed Foundation Extensions */ = {
			isa = PBXCopyFilesBuildPhase;
			buildActionMask = 2147483647;
			dstPath = "";
			dstSubfolderSpec = 13;
			files = (
				74C81DA52F85185D006BC9EF /* GymJamWidgetsExtension.appex in Embed Foundation Extensions */,
			);
			name = "Embed Foundation Extensions";
			runOnlyForDeploymentPostprocessing = 0;
		};
		74C8342A2F8698FB006BC9EF /* Embed Watch Content */ = {
			isa = PBXCopyFilesBuildPhase;
			buildActionMask = 2147483647;
			dstPath = "$(CONTENTS_FOLDER_PATH)/Watch";
			dstSubfolderSpec = 16;
			files = (
				74C834272F8698FB006BC9EF /* GymJamWatch.app in Embed Watch Content */,
			);
			name = "Embed Watch Content";
			runOnlyForDeploymentPostprocessing = 0;
		};
/* End PBXCopyFilesBuildPhase section */

/* Begin PBXFileReference section */
		08B96E7FD30182C47145A7DD /* WorkoutSummaryView.swift */ = {isa = PBXFileReference; includeInIndex = 1; lastKnownFileType = sourcecode.swift; path = WorkoutSummaryView.swift; sourceTree = "<group>"; };
		0E4E3595D0A748E3C7582B7A /* HeartRateView.swift */ = {isa = PBXFileReference; includeInIndex = 1; lastKnownFileType = sourcecode.swift; path = HeartRateView.swift; sourceTree = "<group>"; };
		0FA2E9457EA93D5A6BD5F854 /* WatchRestTimerViewModel.swift */ = {isa = PBXFileReference; includeInIndex = 1; lastKnownFileType = sourcecode.swift; path = WatchRestTimerViewModel.swift; sourceTree = "<group>"; };
		1511153FBA2525FDF03128CE /* GymJamWatch.app */ = {isa = PBXFileReference; explicitFileType = wrapper.application; includeInIndex = 0; path = GymJamWatch.app; sourceTree = BUILT_PRODUCTS_DIR; };
		16C9857F3CA2C0447C6EED24 /* ActiveWorkoutView.swift */ = {isa = PBXFileReference; includeInIndex = 1; lastKnownFileType = sourcecode.swift; path = ActiveWorkoutView.swift; sourceTree = "<group>"; };
		1814B02BEC6D43771E84E780 /* WatchDesignSystem.swift */ = {isa = PBXFileReference; includeInIndex = 1; lastKnownFileType = sourcecode.swift; path = WatchDesignSystem.swift; sourceTree = "<group>"; };
		189868F819840D54578D8777 /* GymJamWatch.app */ = {isa = PBXFileReference; explicitFileType = wrapper.application; includeInIndex = 0; path = GymJamWatch.app; sourceTree = BUILT_PRODUCTS_DIR; };
		18B2011487FE3FF8CEE3691C /* PhoneConnectivityService.swift */ = {isa = PBXFileReference; includeInIndex = 1; lastKnownFileType = sourcecode.swift; path = PhoneConnectivityService.swift; sourceTree = "<group>"; };
		1BAC7BAEACF643EEB325ED08 /* WatchDependencyContainer.swift */ = {isa = PBXFileReference; includeInIndex = 1; lastKnownFileType = sourcecode.swift; path = WatchDependencyContainer.swift; sourceTree = "<group>"; };
		2112F14B1BE4969043A3EF0F /* Assets.xcassets */ = {isa = PBXFileReference; includeInIndex = 1; lastKnownFileType = folder.assetcatalog; path = Assets.xcassets; sourceTree = "<group>"; };
		2829A9438E802EB10CC89738 /* GymJamWatch.app */ = {isa = PBXFileReference; explicitFileType = wrapper.application; includeInIndex = 0; path = GymJamWatch.app; sourceTree = BUILT_PRODUCTS_DIR; };
		381253BEBCA36572AE840307 /* WatchSessionViewModel.swift */ = {isa = PBXFileReference; includeInIndex = 1; lastKnownFileType = sourcecode.swift; path = WatchSessionViewModel.swift; sourceTree = "<group>"; };
		38A7C1E4217F01408DED71A9 /* ExerciseView.swift */ = {isa = PBXFileReference; includeInIndex = 1; lastKnownFileType = sourcecode.swift; path = ExerciseView.swift; sourceTree = "<group>"; };
		3C753897E0DF7A174D9B3AD4 /* Foundation.framework */ = {isa = PBXFileReference; lastKnownFileType = wrapper.framework; name = Foundation.framework; path = Platforms/iPhoneOS.platform/Developer/SDKs/iPhoneOS18.0.sdk/System/Library/Frameworks/Foundation.framework; sourceTree = DEVELOPER_DIR; };
		4252419B8C1BBE0D162E7E9B /* WatchSessionState.swift */ = {isa = PBXFileReference; includeInIndex = 1; lastKnownFileType = sourcecode.swift; path = WatchSessionState.swift; sourceTree = "<group>"; };
		48C1C30670A2CDAB7612B064 /* SharedColors.swift */ = {isa = PBXFileReference; includeInIndex = 1; lastKnownFileType = sourcecode.swift; path = SharedColors.swift; sourceTree = "<group>"; };
		49E30001AB8447008F7768DF /* WatchWorkoutService.swift */ = {isa = PBXFileReference; includeInIndex = 1; lastKnownFileType = sourcecode.swift; path = WatchWorkoutService.swift; sourceTree = "<group>"; };
		4ACD7074563C9CE7C8A60688 /* SetInputView.swift */ = {isa = PBXFileReference; includeInIndex = 1; lastKnownFileType = sourcecode.swift; path = SetInputView.swift; sourceTree = "<group>"; };
		502F63226C88CF40CFC46E4D /* RestTimerView.swift */ = {isa = PBXFileReference; includeInIndex = 1; lastKnownFileType = sourcecode.swift; path = RestTimerView.swift; sourceTree = "<group>"; };
		5F660445E7C3FE283B3C418E /* GymJamShared.framework */ = {isa = PBXFileReference; explicitFileType = wrapper.framework; includeInIndex = 0; path = GymJamShared.framework; sourceTree = BUILT_PRODUCTS_DIR; };
		6E16FB2D755932C3A053FCD7 /* WatchSetLoggingViewModel.swift */ = {isa = PBXFileReference; includeInIndex = 1; lastKnownFileType = sourcecode.swift; path = WatchSetLoggingViewModel.swift; sourceTree = "<group>"; };
		73A1E29F33A92EE18B199E7B /* WatchRootView.swift */ = {isa = PBXFileReference; includeInIndex = 1; lastKnownFileType = sourcecode.swift; path = WatchRootView.swift; sourceTree = "<group>"; };
		743C12BD2F62F80400DDED12 /* GymJam.app */ = {isa = PBXFileReference; explicitFileType = wrapper.application; includeInIndex = 0; path = GymJam.app; sourceTree = BUILT_PRODUCTS_DIR; };
		743C12CA2F62F80500DDED12 /* GymBroTests.xctest */ = {isa = PBXFileReference; explicitFileType = wrapper.cfbundle; includeInIndex = 0; path = GymBroTests.xctest; sourceTree = BUILT_PRODUCTS_DIR; };
		743C12D42F62F80500DDED12 /* GymBroUITests.xctest */ = {isa = PBXFileReference; explicitFileType = wrapper.cfbundle; includeInIndex = 0; path = GymBroUITests.xctest; sourceTree = BUILT_PRODUCTS_DIR; };
		7476C35B2F927D7E0021D04E /* GymJam.storekit */ = {isa = PBXFileReference; lastKnownFileType = text; path = GymJam.storekit; sourceTree = "<group>"; };
		74C81D912F85185A006BC9EF /* GymJamWidgetsExtension.appex */ = {isa = PBXFileReference; explicitFileType = "wrapper.app-extension"; includeInIndex = 0; path = GymJamWidgetsExtension.appex; sourceTree = BUILT_PRODUCTS_DIR; };
		74C81D932F85185B006BC9EF /* WidgetKit.framework */ = {isa = PBXFileReference; lastKnownFileType = wrapper.framework; name = WidgetKit.framework; path = System/Library/Frameworks/WidgetKit.framework; sourceTree = SDKROOT; };
		74C81D952F85185B006BC9EF /* SwiftUI.framework */ = {isa = PBXFileReference; lastKnownFileType = wrapper.framework; name = SwiftUI.framework; path = System/Library/Frameworks/SwiftUI.framework; sourceTree = SDKROOT; };
		74C81DB02F851900006BC9EF /* GymBro/Models/LiveActivity/WorkoutActivityAttributes.swift */ = {isa = PBXFileReference; lastKnownFileType = sourcecode.swift; path = GymBro/Models/LiveActivity/WorkoutActivityAttributes.swift; sourceTree = SOURCE_ROOT; };
		74C8F5872F756497006BC9EF /* Dev.xcconfig */ = {isa = PBXFileReference; lastKnownFileType = text.xcconfig; path = Dev.xcconfig; sourceTree = "<group>"; };
		74C8F5892F7564AD006BC9EF /* Prod.xcconfig */ = {isa = PBXFileReference; lastKnownFileType = text.xcconfig; path = Prod.xcconfig; sourceTree = "<group>"; };
		74D0000000000000000000F0 /* Staging.xcconfig */ = {isa = PBXFileReference; lastKnownFileType = text.xcconfig; path = Staging.xcconfig; sourceTree = "<group>"; };
		98D72054E53B680822508140 /* WatchMessage.swift */ = {isa = PBXFileReference; includeInIndex = 1; lastKnownFileType = sourcecode.swift; path = WatchMessage.swift; sourceTree = "<group>"; };
		ABF61128873C8D9837EDE923 /* GymJamWatchApp.swift */ = {isa = PBXFileReference; includeInIndex = 1; lastKnownFileType = sourcecode.swift; path = GymJamWatchApp.swift; sourceTree = "<group>"; };
		AD6915021B092297593BA39A /* WatchConnectivityService.swift */ = {isa = PBXFileReference; includeInIndex = 1; lastKnownFileType = sourcecode.swift; name = WatchConnectivityService.swift; path = GymBro/Services/WatchConnectivity/WatchConnectivityService.swift; sourceTree = "<group>"; };
		AEF39B94E3FEE2228B97E6EB /* WatchConnectivityServiceProtocol.swift */ = {isa = PBXFileReference; includeInIndex = 1; lastKnownFileType = sourcecode.swift; name = WatchConnectivityServiceProtocol.swift; path = GymBro/Services/WatchConnectivity/WatchConnectivityServiceProtocol.swift; sourceTree = "<group>"; };
		B7AC4C529B3389F9A6E5C8CF /* GymJamWatch.entitlements */ = {isa = PBXFileReference; includeInIndex = 1; lastKnownFileType = text.plist.entitlements; path = GymJamWatch.entitlements; sourceTree = "<group>"; };
		C2949198870ED2274810F964 /* Foundation.framework */ = {isa = PBXFileReference; lastKnownFileType = wrapper.framework; name = Foundation.framework; path = Platforms/WatchOS.platform/Developer/SDKs/WatchOS11.0.sdk/System/Library/Frameworks/Foundation.framework; sourceTree = DEVELOPER_DIR; };
		C40E40FE963C12743E1DD198 /* Info.plist */ = {isa = PBXFileReference; includeInIndex = 1; lastKnownFileType = text.plist.xml; path = Info.plist; sourceTree = "<group>"; };
		D4E95AB36E2F198811D3B986 /* GymJamWatch.app */ = {isa = PBXFileReference; explicitFileType = wrapper.application; includeInIndex = 0; path = GymJamWatch.app; sourceTree = BUILT_PRODUCTS_DIR; };
		EA439978EF82B9618DA5D853 /* GymJamShared.framework */ = {isa = PBXFileReference; explicitFileType = wrapper.framework; includeInIndex = 0; path = GymJamShared.framework; sourceTree = BUILT_PRODUCTS_DIR; };
/* End PBXFileReference section */

/* Begin PBXFileSystemSynchronizedBuildFileExceptionSet section */
		74C81DA62F85185D006BC9EF /* Exceptions for "GymJamWidgets" folder in "GymJamWidgetsExtension" target */ = {
			isa = PBXFileSystemSynchronizedBuildFileExceptionSet;
			membershipExceptions = (
				Info.plist,
			);
			target = 74C81D902F85185A006BC9EF /* GymJamWidgetsExtension */;
		};
/* End PBXFileSystemSynchronizedBuildFileExceptionSet section */

/* Begin PBXFileSystemSynchronizedRootGroup section */
		743C12BF2F62F80400DDED12 /* GymBro */ = {
			isa = PBXFileSystemSynchronizedRootGroup;
			path = GymBro;
			sourceTree = "<group>";
		};
		743C12CD2F62F80500DDED12 /* GymBroTests */ = {
			isa = PBXFileSystemSynchronizedRootGroup;
			path = GymBroTests;
			sourceTree = "<group>";
		};
		743C12D72F62F80500DDED12 /* GymBroUITests */ = {
			isa = PBXFileSystemSynchronizedRootGroup;
			path = GymBroUITests;
			sourceTree = "<group>";
		};
		74C81D972F85185B006BC9EF /* GymJamWidgets */ = {
			isa = PBXFileSystemSynchronizedRootGroup;
			exceptions = (
				74C81DA62F85185D006BC9EF /* Exceptions for "GymJamWidgets" folder in "GymJamWidgetsExtension" target */,
			);
			path = GymJamWidgets;
			sourceTree = "<group>";
		};
/* End PBXFileSystemSynchronizedRootGroup section */

/* Begin PBXFrameworksBuildPhase section */
		1A8316325B232D69D090D18D /* Frameworks */ = {
			isa = PBXFrameworksBuildPhase;
			buildActionMask = 2147483647;
			files = (
				5B44A95BE5631E390165A712 /* Foundation.framework in Frameworks */,
			);
			runOnlyForDeploymentPostprocessing = 0;
		};
		743C12BA2F62F80400DDED12 /* Frameworks */ = {
			isa = PBXFrameworksBuildPhase;
			buildActionMask = 2147483647;
			files = (
				748C84EB2F6300E300DCBF42 /* Auth in Frameworks */,
				748C84EA2F6300E300DCBF42 /* Supabase in Frameworks */,
				74C8F57D2F73ED9E006BC9EF /* FirebaseMessaging in Frameworks */,
				74C8F57F2F73ED9E006BC9EF /* FirebaseAnalytics in Frameworks */,
				7457A80A2F62FCD900A0721E /* Swinject in Frameworks */,
				7457A8092F62FCD900A0721E /* Alamofire in Frameworks */,
				7400000000000000000000C1 /* GoogleSignIn in Frameworks */,
				7400000000000000000000C2 /* GoogleSignInSwift in Frameworks */,
				7400000000000000000000C3 /* Agrume in Frameworks */,
				7400000000000000000000C4 /* SDWebImageSwiftUI in Frameworks */,
			);
			runOnlyForDeploymentPostprocessing = 0;
		};
		743C12C72F62F80500DDED12 /* Frameworks */ = {
			isa = PBXFrameworksBuildPhase;
			buildActionMask = 2147483647;
			files = (
			);
			runOnlyForDeploymentPostprocessing = 0;
		};
		743C12D12F62F80500DDED12 /* Frameworks */ = {
			isa = PBXFrameworksBuildPhase;
			buildActionMask = 2147483647;
			files = (
			);
			runOnlyForDeploymentPostprocessing = 0;
		};
		74C81D8E2F85185A006BC9EF /* Frameworks */ = {
			isa = PBXFrameworksBuildPhase;
			buildActionMask = 2147483647;
			files = (
				74C81D962F85185B006BC9EF /* SwiftUI.framework in Frameworks */,
				74C81D942F85185B006BC9EF /* WidgetKit.framework in Frameworks */,
			);
			runOnlyForDeploymentPostprocessing = 0;
		};
/* End PBXFrameworksBuildPhase section */

/* Begin PBXGroup section */
		0AD62126584819C70E4D2D69 /* Core */ = {
			isa = PBXGroup;
			children = (
				1814B02BEC6D43771E84E780 /* WatchDesignSystem.swift */,
			);
			path = Core;
			sourceTree = "<group>";
		};
		1D6E9527495E9AE8730629CE /* Views */ = {
			isa = PBXGroup;
			children = (
				16C9857F3CA2C0447C6EED24 /* ActiveWorkoutView.swift */,
				38A7C1E4217F01408DED71A9 /* ExerciseView.swift */,
				0E4E3595D0A748E3C7582B7A /* HeartRateView.swift */,
				502F63226C88CF40CFC46E4D /* RestTimerView.swift */,
				4ACD7074563C9CE7C8A60688 /* SetInputView.swift */,
				73A1E29F33A92EE18B199E7B /* WatchRootView.swift */,
				08B96E7FD30182C47145A7DD /* WorkoutSummaryView.swift */,
			);
			path = Views;
			sourceTree = "<group>";
		};
		21D11B20030013F3D26662F4 /* Services */ = {
			isa = PBXGroup;
			children = (
				18B2011487FE3FF8CEE3691C /* PhoneConnectivityService.swift */,
				49E30001AB8447008F7768DF /* WatchWorkoutService.swift */,
			);
			path = Services;
			sourceTree = "<group>";
		};
		5AFDF511131F84EAC4C298A8 /* App */ = {
			isa = PBXGroup;
			children = (
				ABF61128873C8D9837EDE923 /* GymJamWatchApp.swift */,
				1BAC7BAEACF643EEB325ED08 /* WatchDependencyContainer.swift */,
			);
			path = App;
			sourceTree = "<group>";
		};
		743C12B42F62F80400DDED12 = {
			isa = PBXGroup;
			children = (
				7476C35B2F927D7E0021D04E /* GymJam.storekit */,
				743C12BF2F62F80400DDED12 /* GymBro */,
				743C12CD2F62F80500DDED12 /* GymBroTests */,
				743C12D72F62F80500DDED12 /* GymBroUITests */,
				74C81D972F85185B006BC9EF /* GymJamWidgets */,
				74C81D922F85185B006BC9EF /* Frameworks */,
				743C12BE2F62F80400DDED12 /* Products */,
				74C8F5872F756497006BC9EF /* Dev.xcconfig */,
				74C8F5892F7564AD006BC9EF /* Prod.xcconfig */,
				74D0000000000000000000F0 /* Staging.xcconfig */,
				74C8260C2F851D8F006BC9EF /* Recovered References */,
				CE221D3441FFFCB46496A1F8 /* GymJamShared */,
				F7FB6B2F2673E4C256F90497 /* GymJamWatch */,
			);
			sourceTree = "<group>";
		};
		743C12BE2F62F80400DDED12 /* Products */ = {
			isa = PBXGroup;
			children = (
				743C12BD2F62F80400DDED12 /* GymJam.app */,
				743C12CA2F62F80500DDED12 /* GymBroTests.xctest */,
				743C12D42F62F80500DDED12 /* GymBroUITests.xctest */,
				74C81D912F85185A006BC9EF /* GymJamWidgetsExtension.appex */,
				5F660445E7C3FE283B3C418E /* GymJamShared.framework */,
				2829A9438E802EB10CC89738 /* GymJamWatch.app */,
				EA439978EF82B9618DA5D853 /* GymJamShared.framework */,
				1511153FBA2525FDF03128CE /* GymJamWatch.app */,
				189868F819840D54578D8777 /* GymJamWatch.app */,
				D4E95AB36E2F198811D3B986 /* GymJamWatch.app */,
			);
			name = Products;
			sourceTree = "<group>";
		};
		74C81D922F85185B006BC9EF /* Frameworks */ = {
			isa = PBXGroup;
			children = (
				74C81D932F85185B006BC9EF /* WidgetKit.framework */,
				74C81D952F85185B006BC9EF /* SwiftUI.framework */,
				DC640F72C17D70F893A291B6 /* iOS */,
				E8E5F116B2AA3A7F2BA09B5F /* watchOS */,
			);
			name = Frameworks;
			sourceTree = "<group>";
		};
		74C8260C2F851D8F006BC9EF /* Recovered References */ = {
			isa = PBXGroup;
			children = (
				74C81DB02F851900006BC9EF /* GymBro/Models/LiveActivity/WorkoutActivityAttributes.swift */,
				AD6915021B092297593BA39A /* WatchConnectivityService.swift */,
				AEF39B94E3FEE2228B97E6EB /* WatchConnectivityServiceProtocol.swift */,
			);
			name = "Recovered References";
			sourceTree = "<group>";
		};
		CE221D3441FFFCB46496A1F8 /* GymJamShared */ = {
			isa = PBXGroup;
			children = (
				48C1C30670A2CDAB7612B064 /* SharedColors.swift */,
				98D72054E53B680822508140 /* WatchMessage.swift */,
				4252419B8C1BBE0D162E7E9B /* WatchSessionState.swift */,
			);
			path = GymJamShared;
			sourceTree = "<group>";
		};
		DC640F72C17D70F893A291B6 /* iOS */ = {
			isa = PBXGroup;
			children = (
				3C753897E0DF7A174D9B3AD4 /* Foundation.framework */,
			);
			name = iOS;
			sourceTree = "<group>";
		};
		DCAD57A0D428AF58DB441E03 /* ViewModels */ = {
			isa = PBXGroup;
			children = (
				0FA2E9457EA93D5A6BD5F854 /* WatchRestTimerViewModel.swift */,
				381253BEBCA36572AE840307 /* WatchSessionViewModel.swift */,
				6E16FB2D755932C3A053FCD7 /* WatchSetLoggingViewModel.swift */,
			);
			path = ViewModels;
			sourceTree = "<group>";
		};
		E8E5F116B2AA3A7F2BA09B5F /* watchOS */ = {
			isa = PBXGroup;
			children = (
				C2949198870ED2274810F964 /* Foundation.framework */,
			);
			name = watchOS;
			sourceTree = "<group>";
		};
		F7FB6B2F2673E4C256F90497 /* GymJamWatch */ = {
			isa = PBXGroup;
			children = (
				5AFDF511131F84EAC4C298A8 /* App */,
				21D11B20030013F3D26662F4 /* Services */,
				DCAD57A0D428AF58DB441E03 /* ViewModels */,
				1D6E9527495E9AE8730629CE /* Views */,
				0AD62126584819C70E4D2D69 /* Core */,
				2112F14B1BE4969043A3EF0F /* Assets.xcassets */,
				C40E40FE963C12743E1DD198 /* Info.plist */,
				B7AC4C529B3389F9A6E5C8CF /* GymJamWatch.entitlements */,
			);
			path = GymJamWatch;
			sourceTree = "<group>";
		};
/* End PBXGroup section */

/* Begin PBXNativeTarget section */
		1661B9E36FB8500A6CA4F5F0 /* GymJamWatch */ = {
			isa = PBXNativeTarget;
			buildConfigurationList = B81F557F4415692488396DBD /* Build configuration list for PBXNativeTarget "GymJamWatch" */;
			buildPhases = (
				94CAD1B32365035C0CA30D56 /* Sources */,
				1A8316325B232D69D090D18D /* Frameworks */,
				C0F5815EF7FA8D1E62213A4A /* Resources */,
			);
			buildRules = (
			);
			dependencies = (
			);
			name = GymJamWatch;
			productName = GymJamWatch;
			productReference = D4E95AB36E2F198811D3B986 /* GymJamWatch.app */;
			productType = "com.apple.product-type.application";
		};
		743C12BC2F62F80400DDED12 /* GymJam */ = {
			isa = PBXNativeTarget;
			buildConfigurationList = 743C12DE2F62F80500DDED12 /* Build configuration list for PBXNativeTarget "GymJam" */;
			buildPhases = (
				743C12B92F62F80400DDED12 /* Sources */,
				743C12BA2F62F80400DDED12 /* Frameworks */,
				743C12BB2F62F80400DDED12 /* Resources */,
				74C81DAB2F85185D006BC9EF /* Embed Foundation Extensions */,
				74C8342A2F8698FB006BC9EF /* Embed Watch Content */,
			);
			buildRules = (
			);
			dependencies = (
				74C81DA42F85185D006BC9EF /* PBXTargetDependency */,
				74C834292F8698FB006BC9EF /* PBXTargetDependency */,
				74C8342C2F869907006BC9EF /* PBXTargetDependency */,
				74C8342E2F86991A006BC9EF /* PBXTargetDependency */,
			);
			fileSystemSynchronizedGroups = (
				743C12BF2F62F80400DDED12 /* GymBro */,
			);
			name = GymJam;
			packageProductDependencies = (
				7400000000000000000000B1 /* Alamofire */,
				7400000000000000000000B2 /* Swinject */,
				7400000000000000000000B3 /* Supabase */,
				7400000000000000000000B4 /* Auth */,
				7400000000000000000000B5 /* GoogleSignIn */,
				7400000000000000000000B6 /* GoogleSignInSwift */,
				74C8F57C2F73ED9E006BC9EF /* FirebaseMessaging */,
				74C8F57E2F73ED9E006BC9EF /* FirebaseAnalytics */,
				7400000000000000000000B7 /* Agrume */,
				7400000000000000000000B8 /* SDWebImageSwiftUI */,
			);
			productName = GymBro;
			productReference = 743C12BD2F62F80400DDED12 /* GymJam.app */;
			productType = "com.apple.product-type.application";
		};
		743C12C92F62F80500DDED12 /* GymBroTests */ = {
			isa = PBXNativeTarget;
			buildConfigurationList = 743C12E12F62F80500DDED12 /* Build configuration list for PBXNativeTarget "GymBroTests" */;
			buildPhases = (
				743C12C62F62F80500DDED12 /* Sources */,
				743C12C72F62F80500DDED12 /* Frameworks */,
				743C12C82F62F80500DDED12 /* Resources */,
			);
			buildRules = (
			);
			dependencies = (
				743C12CC2F62F80500DDED12 /* PBXTargetDependency */,
			);
			fileSystemSynchronizedGroups = (
				743C12CD2F62F80500DDED12 /* GymBroTests */,
			);
			name = GymBroTests;
			productName = GymBroTests;
			productReference = 743C12CA2F62F80500DDED12 /* GymBroTests.xctest */;
			productType = "com.apple.product-type.bundle.unit-test";
		};
		743C12D32F62F80500DDED12 /* GymBroUITests */ = {
			isa = PBXNativeTarget;
			buildConfigurationList = 743C12E42F62F80500DDED12 /* Build configuration list for PBXNativeTarget "GymBroUITests" */;
			buildPhases = (
				743C12D02F62F80500DDED12 /* Sources */,
				743C12D12F62F80500DDED12 /* Frameworks */,
				743C12D22F62F80500DDED12 /* Resources */,
			);
			buildRules = (
			);
			dependencies = (
				743C12D62F62F80500DDED12 /* PBXTargetDependency */,
			);
			fileSystemSynchronizedGroups = (
				743C12D72F62F80500DDED12 /* GymBroUITests */,
			);
			name = GymBroUITests;
			productName = GymBroUITests;
			productReference = 743C12D42F62F80500DDED12 /* GymBroUITests.xctest */;
			productType = "com.apple.product-type.bundle.ui-testing";
		};
		74C81D902F85185A006BC9EF /* GymJamWidgetsExtension */ = {
			isa = PBXNativeTarget;
			buildConfigurationList = 74C81DA72F85185D006BC9EF /* Build configuration list for PBXNativeTarget "GymJamWidgetsExtension" */;
			buildPhases = (
				74C81D8D2F85185A006BC9EF /* Sources */,
				74C81D8E2F85185A006BC9EF /* Frameworks */,
				74C81D8F2F85185A006BC9EF /* Resources */,
			);
			buildRules = (
			);
			dependencies = (
			);
			fileSystemSynchronizedGroups = (
				74C81D972F85185B006BC9EF /* GymJamWidgets */,
			);
			name = GymJamWidgetsExtension;
			productName = GymJamWidgetsExtension;
			productReference = 74C81D912F85185A006BC9EF /* GymJamWidgetsExtension.appex */;
			productType = "com.apple.product-type.app-extension";
		};
/* End PBXNativeTarget section */

/* Begin PBXProject section */
		743C12B52F62F80400DDED12 /* Project object */ = {
			isa = PBXProject;
			attributes = {
				BuildIndependentTargetsInParallel = 1;
				LastSwiftUpdateCheck = 2600;
				LastUpgradeCheck = 2600;
				TargetAttributes = {
					743C12BC2F62F80400DDED12 = {
						CreatedOnToolsVersion = 26.0;
					};
					743C12C92F62F80500DDED12 = {
						CreatedOnToolsVersion = 26.0;
						TestTargetID = 743C12BC2F62F80400DDED12;
					};
					743C12D32F62F80500DDED12 = {
						CreatedOnToolsVersion = 26.0;
						TestTargetID = 743C12BC2F62F80400DDED12;
					};
					74C81D902F85185A006BC9EF = {
						CreatedOnToolsVersion = 26.0;
					};
				};
			};
			buildConfigurationList = 743C12B82F62F80400DDED12 /* Build configuration list for PBXProject "GymBro" */;
			developmentRegion = en;
			hasScannedForEncodings = 0;
			knownRegions = (
				en,
				Base,
			);
			mainGroup = 743C12B42F62F80400DDED12;
			minimizedProjectReferenceProxies = 1;
			packageReferences = (
				7400000000000000000000A1 /* XCRemoteSwiftPackageReference "Alamofire" */,
				7400000000000000000000A2 /* XCRemoteSwiftPackageReference "Swinject" */,
				7400000000000000000000A3 /* XCRemoteSwiftPackageReference "supabase-swift" */,
				7400000000000000000000A4 /* XCRemoteSwiftPackageReference "GoogleSignIn-iOS" */,
				74C8F57B2F73ED9E006BC9EF /* XCRemoteSwiftPackageReference "firebase-ios-sdk" */,
				7400000000000000000000A5 /* XCRemoteSwiftPackageReference "Agrume" */,
				7400000000000000000000A6 /* XCRemoteSwiftPackageReference "SDWebImageSwiftUI" */,
			);
			preferredProjectObjectVersion = 77;
			productRefGroup = 743C12BE2F62F80400DDED12 /* Products */;
			projectDirPath = "";
			projectRoot = "";
			targets = (
				743C12BC2F62F80400DDED12 /* GymJam */,
				743C12C92F62F80500DDED12 /* GymBroTests */,
				743C12D32F62F80500DDED12 /* GymBroUITests */,
				74C81D902F85185A006BC9EF /* GymJamWidgetsExtension */,
				1661B9E36FB8500A6CA4F5F0 /* GymJamWatch */,
			);
		};
/* End PBXProject section */

/* Begin PBXResourcesBuildPhase section */
		743C12BB2F62F80400DDED12 /* Resources */ = {
			isa = PBXResourcesBuildPhase;
			buildActionMask = 2147483647;
			files = (
				74C8F58A2F7564AD006BC9EF /* Prod.xcconfig in Resources */,
				74C8F5882F756497006BC9EF /* Dev.xcconfig in Resources */,
				74D0000000000000000000F1 /* Staging.xcconfig in Resources */,
				7476C35C2F927D7E0021D04E /* GymJam.storekit in Resources */,
			);
			runOnlyForDeploymentPostprocessing = 0;
		};
		743C12C82F62F80500DDED12 /* Resources */ = {
			isa = PBXResourcesBuildPhase;
			buildActionMask = 2147483647;
			files = (
			);
			runOnlyForDeploymentPostprocessing = 0;
		};
		743C12D22F62F80500DDED12 /* Resources */ = {
			isa = PBXResourcesBuildPhase;
			buildActionMask = 2147483647;
			files = (
			);
			runOnlyForDeploymentPostprocessing = 0;
		};
		74C81D8F2F85185A006BC9EF /* Resources */ = {
			isa = PBXResourcesBuildPhase;
			buildActionMask = 2147483647;
			files = (
			);
			runOnlyForDeploymentPostprocessing = 0;
		};
		C0F5815EF7FA8D1E62213A4A /* Resources */ = {
			isa = PBXResourcesBuildPhase;
			buildActionMask = 2147483647;
			files = (
				A284AF73009B7BB89A161B8A /* Assets.xcassets in Resources */,
			);
			runOnlyForDeploymentPostprocessing = 0;
		};
/* End PBXResourcesBuildPhase section */

/* Begin PBXSourcesBuildPhase section */
		743C12B92F62F80400DDED12 /* Sources */ = {
			isa = PBXSourcesBuildPhase;
			buildActionMask = 2147483647;
			files = (
				9AAF4334742F3CF01F4CDB17 /* WatchConnectivityService.swift in Sources */,
				49EE1B36BF06E6AF7C6FA773 /* WatchConnectivityServiceProtocol.swift in Sources */,
				D76D93DB24331F6F3D29410A /* SharedColors.swift in Sources */,
				D887E4A0FAFB053E06D059C5 /* WatchMessage.swift in Sources */,
				79F195F204038875D0CA2405 /* WatchSessionState.swift in Sources */,
			);
			runOnlyForDeploymentPostprocessing = 0;
		};
		743C12C62F62F80500DDED12 /* Sources */ = {
			isa = PBXSourcesBuildPhase;
			buildActionMask = 2147483647;
			files = (
			);
			runOnlyForDeploymentPostprocessing = 0;
		};
		743C12D02F62F80500DDED12 /* Sources */ = {
			isa = PBXSourcesBuildPhase;
			buildActionMask = 2147483647;
			files = (
			);
			runOnlyForDeploymentPostprocessing = 0;
		};
		74C81D8D2F85185A006BC9EF /* Sources */ = {
			isa = PBXSourcesBuildPhase;
			buildActionMask = 2147483647;
			files = (
				74C81DB12F851900006BC9EF /* GymBro/Models/LiveActivity/WorkoutActivityAttributes.swift in Sources */,
			);
			runOnlyForDeploymentPostprocessing = 0;
		};
		94CAD1B32365035C0CA30D56 /* Sources */ = {
			isa = PBXSourcesBuildPhase;
			buildActionMask = 2147483647;
			files = (
				819772FED370B15DF1EA231C /* GymJamWatchApp.swift in Sources */,
				8A1120E2D1B51754598C9E38 /* WatchDependencyContainer.swift in Sources */,
				1CF9D0D19A570E53E1053EEF /* WatchDesignSystem.swift in Sources */,
				5FCD8CDCE841F220919C88BA /* PhoneConnectivityService.swift in Sources */,
				95F6DD6F71D6EB76B10072B5 /* WatchWorkoutService.swift in Sources */,
				AFE08BC37A2BB96F7904AFA5 /* WatchRestTimerViewModel.swift in Sources */,
				6E56C18EE9197EB2C2AA58BA /* WatchSessionViewModel.swift in Sources */,
				D65DA3D0D7CE95E412033E85 /* WatchSetLoggingViewModel.swift in Sources */,
				AA7919358CDD9AB83456B448 /* ActiveWorkoutView.swift in Sources */,
				4BD5ECB618A3A5D471DA42EE /* ExerciseView.swift in Sources */,
				53915FA4854E5025B25E7AB0 /* HeartRateView.swift in Sources */,
				0B1C39393FB62A3A9591DD8E /* RestTimerView.swift in Sources */,
				3B93B0E5ECD228F565ECB993 /* SetInputView.swift in Sources */,
				062932249F991E774E3C46E5 /* WatchRootView.swift in Sources */,
				67A1E4D586E585AF3964190C /* WorkoutSummaryView.swift in Sources */,
				6897E95DF326B8FDE2FDB82E /* SharedColors.swift in Sources */,
				81E8558401C694D67B60F568 /* WatchMessage.swift in Sources */,
				19C5152A069F05E5BEA1B0E0 /* WatchSessionState.swift in Sources */,
			);
			runOnlyForDeploymentPostprocessing = 0;
		};
/* End PBXSourcesBuildPhase section */

/* Begin PBXTargetDependency section */
		743C12CC2F62F80500DDED12 /* PBXTargetDependency */ = {
			isa = PBXTargetDependency;
			target = 743C12BC2F62F80400DDED12 /* GymJam */;
			targetProxy = 743C12CB2F62F80500DDED12 /* PBXContainerItemProxy */;
		};
		743C12D62F62F80500DDED12 /* PBXTargetDependency */ = {
			isa = PBXTargetDependency;
			target = 743C12BC2F62F80400DDED12 /* GymJam */;
			targetProxy = 743C12D52F62F80500DDED12 /* PBXContainerItemProxy */;
		};
		74C81DA42F85185D006BC9EF /* PBXTargetDependency */ = {
			isa = PBXTargetDependency;
			target = 74C81D902F85185A006BC9EF /* GymJamWidgetsExtension */;
			targetProxy = 74C81DA32F85185D006BC9EF /* PBXContainerItemProxy */;
		};
		74C834292F8698FB006BC9EF /* PBXTargetDependency */ = {
			isa = PBXTargetDependency;
			target = 1661B9E36FB8500A6CA4F5F0 /* GymJamWatch */;
			targetProxy = 74C834282F8698FB006BC9EF /* PBXContainerItemProxy */;
		};
		74C8342C2F869907006BC9EF /* PBXTargetDependency */ = {
			isa = PBXTargetDependency;
			target = 1661B9E36FB8500A6CA4F5F0 /* GymJamWatch */;
			targetProxy = 74C8342B2F869907006BC9EF /* PBXContainerItemProxy */;
		};
		74C8342E2F86991A006BC9EF /* PBXTargetDependency */ = {
			isa = PBXTargetDependency;
			target = 1661B9E36FB8500A6CA4F5F0 /* GymJamWatch */;
			targetProxy = 74C8342D2F86991A006BC9EF /* PBXContainerItemProxy */;
		};
/* End PBXTargetDependency section */

/* Begin XCBuildConfiguration section */
		743C12DC2F62F80500DDED12 /* Debug */ = {
			isa = XCBuildConfiguration;
			buildSettings = {
				ALWAYS_SEARCH_USER_PATHS = NO;
				ASSETCATALOG_COMPILER_GENERATE_SWIFT_ASSET_SYMBOL_EXTENSIONS = YES;
				CLANG_ANALYZER_NONNULL = YES;
				CLANG_ANALYZER_NUMBER_OBJECT_CONVERSION = YES_AGGRESSIVE;
				CLANG_CXX_LANGUAGE_STANDARD = "gnu++20";
				CLANG_ENABLE_MODULES = YES;
				CLANG_ENABLE_OBJC_ARC = YES;
				CLANG_ENABLE_OBJC_WEAK = YES;
				CLANG_WARN_BLOCK_CAPTURE_AUTORELEASING = YES;
				CLANG_WARN_BOOL_CONVERSION = YES;
				CLANG_WARN_COMMA = YES;
				CLANG_WARN_CONSTANT_CONVERSION = YES;
				CLANG_WARN_DEPRECATED_OBJC_IMPLEMENTATIONS = YES;
				CLANG_WARN_DIRECT_OBJC_ISA_USAGE = YES_ERROR;
				CLANG_WARN_DOCUMENTATION_COMMENTS = YES;
				CLANG_WARN_EMPTY_BODY = YES;
				CLANG_WARN_ENUM_CONVERSION = YES;
				CLANG_WARN_INFINITE_RECURSION = YES;
				CLANG_WARN_INT_CONVERSION = YES;
				CLANG_WARN_NON_LITERAL_NULL_CONVERSION = YES;
				CLANG_WARN_OBJC_IMPLICIT_RETAIN_SELF = YES;
				CLANG_WARN_OBJC_LITERAL_CONVERSION = YES;
				CLANG_WARN_OBJC_ROOT_CLASS = YES_ERROR;
				CLANG_WARN_QUOTED_INCLUDE_IN_FRAMEWORK_HEADER = YES;
				CLANG_WARN_RANGE_LOOP_ANALYSIS = YES;
				CLANG_WARN_STRICT_PROTOTYPES = YES;
				CLANG_WARN_SUSPICIOUS_MOVE = YES;
				CLANG_WARN_UNGUARDED_AVAILABILITY = YES_AGGRESSIVE;
				CLANG_WARN_UNREACHABLE_CODE = YES;
				CLANG_WARN__DUPLICATE_METHOD_MATCH = YES;
				COPY_PHASE_STRIP = NO;
				DEBUG_INFORMATION_FORMAT = dwarf;
				DEVELOPMENT_TEAM = YNXC5CY44T;
				ENABLE_STRICT_OBJC_MSGSEND = YES;
				ENABLE_TESTABILITY = YES;
				ENABLE_USER_SCRIPT_SANDBOXING = YES;
				GCC_C_LANGUAGE_STANDARD = gnu17;
				GCC_DYNAMIC_NO_PIC = NO;
				GCC_NO_COMMON_BLOCKS = YES;
				GCC_OPTIMIZATION_LEVEL = 0;
				GCC_PREPROCESSOR_DEFINITIONS = (
					"DEBUG=1",
					"$(inherited)",
				);
				GCC_WARN_64_TO_32_BIT_CONVERSION = YES;
				GCC_WARN_ABOUT_RETURN_TYPE = YES_ERROR;
				GCC_WARN_UNDECLARED_SELECTOR = YES;
				GCC_WARN_UNINITIALIZED_AUTOS = YES_AGGRESSIVE;
				GCC_WARN_UNUSED_FUNCTION = YES;
				GCC_WARN_UNUSED_VARIABLE = YES;
				LOCALIZATION_PREFERS_STRING_CATALOGS = YES;
				MTL_ENABLE_DEBUG_INFO = INCLUDE_SOURCE;
				MTL_FAST_MATH = YES;
				ONLY_ACTIVE_ARCH = YES;
				SWIFT_ACTIVE_COMPILATION_CONDITIONS = "DEBUG $(inherited)";
				SWIFT_OPTIMIZATION_LEVEL = "-Onone";
			};
			name = Debug;
		};
		743C12DD2F62F80500DDED12 /* Release */ = {
			isa = XCBuildConfiguration;
			buildSettings = {
				ALWAYS_SEARCH_USER_PATHS = NO;
				ASSETCATALOG_COMPILER_GENERATE_SWIFT_ASSET_SYMBOL_EXTENSIONS = YES;
				CLANG_ANALYZER_NONNULL = YES;
				CLANG_ANALYZER_NUMBER_OBJECT_CONVERSION = YES_AGGRESSIVE;
				CLANG_CXX_LANGUAGE_STANDARD = "gnu++20";
				CLANG_ENABLE_MODULES = YES;
				CLANG_ENABLE_OBJC_ARC = YES;
				CLANG_ENABLE_OBJC_WEAK = YES;
				CLANG_WARN_BLOCK_CAPTURE_AUTORELEASING = YES;
				CLANG_WARN_BOOL_CONVERSION = YES;
				CLANG_WARN_COMMA = YES;
				CLANG_WARN_CONSTANT_CONVERSION = YES;
				CLANG_WARN_DEPRECATED_OBJC_IMPLEMENTATIONS = YES;
				CLANG_WARN_DIRECT_OBJC_ISA_USAGE = YES_ERROR;
				CLANG_WARN_DOCUMENTATION_COMMENTS = YES;
				CLANG_WARN_EMPTY_BODY = YES;
				CLANG_WARN_ENUM_CONVERSION = YES;
				CLANG_WARN_INFINITE_RECURSION = YES;
				CLANG_WARN_INT_CONVERSION = YES;
				CLANG_WARN_NON_LITERAL_NULL_CONVERSION = YES;
				CLANG_WARN_OBJC_IMPLICIT_RETAIN_SELF = YES;
				CLANG_WARN_OBJC_LITERAL_CONVERSION = YES;
				CLANG_WARN_OBJC_ROOT_CLASS = YES_ERROR;
				CLANG_WARN_QUOTED_INCLUDE_IN_FRAMEWORK_HEADER = YES;
				CLANG_WARN_RANGE_LOOP_ANALYSIS = YES;
				CLANG_WARN_STRICT_PROTOTYPES = YES;
				CLANG_WARN_SUSPICIOUS_MOVE = YES;
				CLANG_WARN_UNGUARDED_AVAILABILITY = YES_AGGRESSIVE;
				CLANG_WARN_UNREACHABLE_CODE = YES;
				CLANG_WARN__DUPLICATE_METHOD_MATCH = YES;
				COPY_PHASE_STRIP = NO;
				DEBUG_INFORMATION_FORMAT = "dwarf-with-dsym";
				DEVELOPMENT_TEAM = YNXC5CY44T;
				ENABLE_NS_ASSERTIONS = NO;
				ENABLE_STRICT_OBJC_MSGSEND = YES;
				ENABLE_USER_SCRIPT_SANDBOXING = YES;
				GCC_C_LANGUAGE_STANDARD = gnu17;
				GCC_NO_COMMON_BLOCKS = YES;
				GCC_WARN_64_TO_32_BIT_CONVERSION = YES;
				GCC_WARN_ABOUT_RETURN_TYPE = YES_ERROR;
				GCC_WARN_UNDECLARED_SELECTOR = YES;
				GCC_WARN_UNINITIALIZED_AUTOS = YES_AGGRESSIVE;
				GCC_WARN_UNUSED_FUNCTION = YES;
				GCC_WARN_UNUSED_VARIABLE = YES;
				LOCALIZATION_PREFERS_STRING_CATALOGS = YES;
				MTL_ENABLE_DEBUG_INFO = NO;
				MTL_FAST_MATH = YES;
				SWIFT_COMPILATION_MODE = wholemodule;
			};
			name = Release;
		};
		743C12DF2F62F80500DDED12 /* Debug */ = {
			isa = XCBuildConfiguration;
			baseConfigurationReference = 74C8F5872F756497006BC9EF /* Dev.xcconfig */;
			buildSettings = {
				ASSETCATALOG_COMPILER_APPICON_NAME = AppIcon;
				ASSETCATALOG_COMPILER_GLOBAL_ACCENT_COLOR_NAME = AccentColor;
				CODE_SIGN_ENTITLEMENTS = GymBro/Resources/GymBro.entitlements;
				CODE_SIGN_STYLE = Automatic;
				CURRENT_PROJECT_VERSION = 1;
				DEVELOPMENT_TEAM = YNXC5CY44T;
				ENABLE_APP_SANDBOX = YES;
				ENABLE_HARDENED_RUNTIME = YES;
				ENABLE_PREVIEWS = YES;
				ENABLE_USER_SELECTED_FILES = readonly;
				GENERATE_INFOPLIST_FILE = YES;
				INFOPLIST_FILE = Info.plist;
				INFOPLIST_KEY_CFBundleDisplayName = GymJam;
				INFOPLIST_KEY_NSCameraUsageDescription = "GymJam needs camera access to take a profile photo.";
				INFOPLIST_KEY_NSHealthShareUsageDescription = "GymJam needs access to your health data to track workouts, monitor heart rate, analyze active energy burned, and record body measurements to help you achieve your fitness goals.";
				INFOPLIST_KEY_NSHealthUpdateUsageDescription = "GymJam needs permission to save your workout data, body measurements, and fitness progress to the Health app.";
				INFOPLIST_KEY_NSPhotoLibraryUsageDescription = "GymJam needs photo library access to choose a profile photo.";
				INFOPLIST_KEY_NSSupportsLiveActivities = YES;
				"INFOPLIST_KEY_UIApplicationSceneManifest_Generation[sdk=iphoneos*]" = YES;
				"INFOPLIST_KEY_UIApplicationSceneManifest_Generation[sdk=iphonesimulator*]" = YES;
				"INFOPLIST_KEY_UIApplicationSupportsIndirectInputEvents[sdk=iphoneos*]" = YES;
				"INFOPLIST_KEY_UIApplicationSupportsIndirectInputEvents[sdk=iphonesimulator*]" = YES;
				"INFOPLIST_KEY_UILaunchScreen_Generation[sdk=iphoneos*]" = YES;
				"INFOPLIST_KEY_UILaunchScreen_Generation[sdk=iphonesimulator*]" = YES;
				"INFOPLIST_KEY_UIStatusBarStyle[sdk=iphoneos*]" = UIStatusBarStyleDefault;
				"INFOPLIST_KEY_UIStatusBarStyle[sdk=iphonesimulator*]" = UIStatusBarStyleDefault;
				INFOPLIST_KEY_UISupportedInterfaceOrientations_iPad = "UIInterfaceOrientationPortrait UIInterfaceOrientationPortraitUpsideDown UIInterfaceOrientationLandscapeLeft UIInterfaceOrientationLandscapeRight";
				INFOPLIST_KEY_UISupportedInterfaceOrientations_iPhone = "UIInterfaceOrientationPortrait UIInterfaceOrientationLandscapeLeft UIInterfaceOrientationLandscapeRight";
				INFOPLIST_KEY_UIUserInterfaceStyle = Light;
				IPHONEOS_DEPLOYMENT_TARGET = 18.0;
				LD_RUNPATH_SEARCH_PATHS = "@executable_path/Frameworks";
				"LD_RUNPATH_SEARCH_PATHS[sdk=macosx*]" = "@executable_path/../Frameworks";
				MACOSX_DEPLOYMENT_TARGET = 14.0;
				MARKETING_VERSION = 1.3;
				PRODUCT_BUNDLE_IDENTIFIER = com.den.gymbro.app;
				PRODUCT_NAME = "$(TARGET_NAME)";
				REGISTER_APP_GROUPS = YES;
				SDKROOT = auto;
				STRING_CATALOG_GENERATE_SYMBOLS = YES;
				SUPPORTED_PLATFORMS = "iphoneos iphonesimulator macosx xros xrsimulator";
				SWIFT_APPROACHABLE_CONCURRENCY = YES;
				SWIFT_DEFAULT_ACTOR_ISOLATION = MainActor;
				SWIFT_EMIT_LOC_STRINGS = YES;
				SWIFT_UPCOMING_FEATURE_MEMBER_IMPORT_VISIBILITY = YES;
				SWIFT_VERSION = 5.0;
				TARGETED_DEVICE_FAMILY = "1,2,7";
				XROS_DEPLOYMENT_TARGET = 1.0;
			};
			name = Debug;
		};
		743C12E02F62F80500DDED12 /* Release */ = {
			isa = XCBuildConfiguration;
			baseConfigurationReference = 74C8F5892F7564AD006BC9EF /* Prod.xcconfig */;
			buildSettings = {
				ASSETCATALOG_COMPILER_APPICON_NAME = AppIcon;
				ASSETCATALOG_COMPILER_GLOBAL_ACCENT_COLOR_NAME = AccentColor;
				CODE_SIGN_ENTITLEMENTS = GymBro/Resources/GymBro.entitlements;
				CODE_SIGN_STYLE = Automatic;
				CURRENT_PROJECT_VERSION = 1;
				DEVELOPMENT_TEAM = YNXC5CY44T;
				ENABLE_APP_SANDBOX = YES;
				ENABLE_HARDENED_RUNTIME = YES;
				ENABLE_PREVIEWS = YES;
				ENABLE_USER_SELECTED_FILES = readonly;
				GENERATE_INFOPLIST_FILE = YES;
				INFOPLIST_FILE = Info.plist;
				INFOPLIST_KEY_CFBundleDisplayName = GymJam;
				INFOPLIST_KEY_NSCameraUsageDescription = "GymJam needs camera access to take a profile photo.";
				INFOPLIST_KEY_NSHealthShareUsageDescription = "GymJam needs access to your health data to track workouts, monitor heart rate, analyze active energy burned, and record body measurements to help you achieve your fitness goals.";
				INFOPLIST_KEY_NSHealthUpdateUsageDescription = "GymJam needs permission to save your workout data, body measurements, and fitness progress to the Health app.";
				INFOPLIST_KEY_NSPhotoLibraryUsageDescription = "GymJam needs photo library access to choose a profile photo.";
				INFOPLIST_KEY_NSSupportsLiveActivities = YES;
				"INFOPLIST_KEY_UIApplicationSceneManifest_Generation[sdk=iphoneos*]" = YES;
				"INFOPLIST_KEY_UIApplicationSceneManifest_Generation[sdk=iphonesimulator*]" = YES;
				"INFOPLIST_KEY_UIApplicationSupportsIndirectInputEvents[sdk=iphoneos*]" = YES;
				"INFOPLIST_KEY_UIApplicationSupportsIndirectInputEvents[sdk=iphonesimulator*]" = YES;
				"INFOPLIST_KEY_UILaunchScreen_Generation[sdk=iphoneos*]" = YES;
				"INFOPLIST_KEY_UILaunchScreen_Generation[sdk=iphonesimulator*]" = YES;
				"INFOPLIST_KEY_UIStatusBarStyle[sdk=iphoneos*]" = UIStatusBarStyleDefault;
				"INFOPLIST_KEY_UIStatusBarStyle[sdk=iphonesimulator*]" = UIStatusBarStyleDefault;
				INFOPLIST_KEY_UISupportedInterfaceOrientations_iPad = "UIInterfaceOrientationPortrait UIInterfaceOrientationPortraitUpsideDown UIInterfaceOrientationLandscapeLeft UIInterfaceOrientationLandscapeRight";
				INFOPLIST_KEY_UISupportedInterfaceOrientations_iPhone = "UIInterfaceOrientationPortrait UIInterfaceOrientationLandscapeLeft UIInterfaceOrientationLandscapeRight";
				INFOPLIST_KEY_UIUserInterfaceStyle = Light;
				IPHONEOS_DEPLOYMENT_TARGET = 18.0;
				LD_RUNPATH_SEARCH_PATHS = "@executable_path/Frameworks";
				"LD_RUNPATH_SEARCH_PATHS[sdk=macosx*]" = "@executable_path/../Frameworks";
				MACOSX_DEPLOYMENT_TARGET = 14.0;
				MARKETING_VERSION = 1.3;
				PRODUCT_BUNDLE_IDENTIFIER = com.den.gymbro.app;
				PRODUCT_NAME = "$(TARGET_NAME)";
				REGISTER_APP_GROUPS = YES;
				SDKROOT = auto;
				STRING_CATALOG_GENERATE_SYMBOLS = YES;
				SUPPORTED_PLATFORMS = "iphoneos iphonesimulator macosx xros xrsimulator";
				SWIFT_APPROACHABLE_CONCURRENCY = YES;
				SWIFT_DEFAULT_ACTOR_ISOLATION = MainActor;
				SWIFT_EMIT_LOC_STRINGS = YES;
				SWIFT_UPCOMING_FEATURE_MEMBER_IMPORT_VISIBILITY = YES;
				SWIFT_VERSION = 5.0;
				TARGETED_DEVICE_FAMILY = "1,2,7";
				XROS_DEPLOYMENT_TARGET = 1.0;
			};
			name = Release;
		};
		743C12E22F62F80500DDED12 /* Debug */ = {
			isa = XCBuildConfiguration;
			buildSettings = {
				BUNDLE_LOADER = "$(TEST_HOST)";
				CODE_SIGN_STYLE = Automatic;
				CURRENT_PROJECT_VERSION = 1;
				DEVELOPMENT_TEAM = YNXC5CY44T;
				GENERATE_INFOPLIST_FILE = YES;
				IPHONEOS_DEPLOYMENT_TARGET = 18.0;
				MACOSX_DEPLOYMENT_TARGET = 14.0;
				MARKETING_VERSION = 1.0;
				PRODUCT_BUNDLE_IDENTIFIER = com.gymbro.app.GymBroTests;
				PRODUCT_NAME = "$(TARGET_NAME)";
				SDKROOT = auto;
				STRING_CATALOG_GENERATE_SYMBOLS = NO;
				SUPPORTED_PLATFORMS = "iphoneos iphonesimulator macosx xros xrsimulator";
				SWIFT_APPROACHABLE_CONCURRENCY = YES;
				SWIFT_EMIT_LOC_STRINGS = NO;
				SWIFT_UPCOMING_FEATURE_MEMBER_IMPORT_VISIBILITY = YES;
				SWIFT_VERSION = 5.0;
				TARGETED_DEVICE_FAMILY = "1,2,7";
				TEST_HOST = "$(BUILT_PRODUCTS_DIR)/GymBro.app/$(BUNDLE_EXECUTABLE_FOLDER_PATH)/GymBro";
				XROS_DEPLOYMENT_TARGET = 1.0;
			};
			name = Debug;
		};
		743C12E32F62F80500DDED12 /* Release */ = {
			isa = XCBuildConfiguration;
			buildSettings = {
				BUNDLE_LOADER = "$(TEST_HOST)";
				CODE_SIGN_STYLE = Automatic;
				CURRENT_PROJECT_VERSION = 1;
				DEVELOPMENT_TEAM = YNXC5CY44T;
				GENERATE_INFOPLIST_FILE = YES;
				IPHONEOS_DEPLOYMENT_TARGET = 18.0;
				MACOSX_DEPLOYMENT_TARGET = 14.0;
				MARKETING_VERSION = 1.0;
				PRODUCT_BUNDLE_IDENTIFIER = com.gymbro.app.GymBroTests;
				PRODUCT_NAME = "$(TARGET_NAME)";
				SDKROOT = auto;
				STRING_CATALOG_GENERATE_SYMBOLS = NO;
				SUPPORTED_PLATFORMS = "iphoneos iphonesimulator macosx xros xrsimulator";
				SWIFT_APPROACHABLE_CONCURRENCY = YES;
				SWIFT_EMIT_LOC_STRINGS = NO;
				SWIFT_UPCOMING_FEATURE_MEMBER_IMPORT_VISIBILITY = YES;
				SWIFT_VERSION = 5.0;
				TARGETED_DEVICE_FAMILY = "1,2,7";
				TEST_HOST = "$(BUILT_PRODUCTS_DIR)/GymBro.app/$(BUNDLE_EXECUTABLE_FOLDER_PATH)/GymBro";
				XROS_DEPLOYMENT_TARGET = 1.0;
			};
			name = Release;
		};
		743C12E52F62F80500DDED12 /* Debug */ = {
			isa = XCBuildConfiguration;
			buildSettings = {
				CODE_SIGN_STYLE = Automatic;
				CURRENT_PROJECT_VERSION = 1;
				DEVELOPMENT_TEAM = YNXC5CY44T;
				GENERATE_INFOPLIST_FILE = YES;
				IPHONEOS_DEPLOYMENT_TARGET = 18.0;
				MACOSX_DEPLOYMENT_TARGET = 14.0;
				MARKETING_VERSION = 1.0;
				PRODUCT_BUNDLE_IDENTIFIER = com.gymbro.app.GymBroUITests;
				PRODUCT_NAME = "$(TARGET_NAME)";
				SDKROOT = auto;
				STRING_CATALOG_GENERATE_SYMBOLS = NO;
				SUPPORTED_PLATFORMS = "iphoneos iphonesimulator macosx xros xrsimulator";
				SWIFT_APPROACHABLE_CONCURRENCY = YES;
				SWIFT_EMIT_LOC_STRINGS = NO;
				SWIFT_UPCOMING_FEATURE_MEMBER_IMPORT_VISIBILITY = YES;
				SWIFT_VERSION = 5.0;
				TARGETED_DEVICE_FAMILY = "1,2,7";
				TEST_TARGET_NAME = GymBro;
				XROS_DEPLOYMENT_TARGET = 1.0;
			};
			name = Debug;
		};
		743C12E62F62F80500DDED12 /* Release */ = {
			isa = XCBuildConfiguration;
			buildSettings = {
				CODE_SIGN_STYLE = Automatic;
				CURRENT_PROJECT_VERSION = 1;
				DEVELOPMENT_TEAM = YNXC5CY44T;
				GENERATE_INFOPLIST_FILE = YES;
				IPHONEOS_DEPLOYMENT_TARGET = 18.0;
				MACOSX_DEPLOYMENT_TARGET = 14.0;
				MARKETING_VERSION = 1.0;
				PRODUCT_BUNDLE_IDENTIFIER = com.gymbro.app.GymBroUITests;
				PRODUCT_NAME = "$(TARGET_NAME)";
				SDKROOT = auto;
				STRING_CATALOG_GENERATE_SYMBOLS = NO;
				SUPPORTED_PLATFORMS = "iphoneos iphonesimulator macosx xros xrsimulator";
				SWIFT_APPROACHABLE_CONCURRENCY = YES;
				SWIFT_EMIT_LOC_STRINGS = NO;
				SWIFT_UPCOMING_FEATURE_MEMBER_IMPORT_VISIBILITY = YES;
				SWIFT_VERSION = 5.0;
				TARGETED_DEVICE_FAMILY = "1,2,7";
				TEST_TARGET_NAME = GymBro;
				XROS_DEPLOYMENT_TARGET = 1.0;
			};
			name = Release;
		};
		74C81DA82F85185D006BC9EF /* Debug */ = {
			isa = XCBuildConfiguration;
			buildSettings = {
				ASSETCATALOG_COMPILER_GLOBAL_ACCENT_COLOR_NAME = AccentColor;
				ASSETCATALOG_COMPILER_WIDGET_BACKGROUND_COLOR_NAME = WidgetBackground;
				CODE_SIGN_STYLE = Automatic;
				CURRENT_PROJECT_VERSION = 1;
				DEVELOPMENT_TEAM = YNXC5CY44T;
				GENERATE_INFOPLIST_FILE = YES;
				INFOPLIST_FILE = GymJamWidgets/Info.plist;
				INFOPLIST_KEY_CFBundleDisplayName = GymJamWidgets;
				INFOPLIST_KEY_NSHumanReadableCopyright = "";
				IPHONEOS_DEPLOYMENT_TARGET = 18.0;
				LD_RUNPATH_SEARCH_PATHS = (
					"$(inherited)",
					"@executable_path/Frameworks",
					"@executable_path/../../Frameworks",
				);
				MARKETING_VERSION = 1.0;
				PRODUCT_BUNDLE_IDENTIFIER = com.den.gymbro.app.widgets;
				PRODUCT_NAME = "$(TARGET_NAME)";
				SDKROOT = iphoneos;
				SKIP_INSTALL = YES;
				STRING_CATALOG_GENERATE_SYMBOLS = YES;
				SWIFT_APPROACHABLE_CONCURRENCY = YES;
				SWIFT_EMIT_LOC_STRINGS = YES;
				SWIFT_UPCOMING_FEATURE_MEMBER_IMPORT_VISIBILITY = YES;
				SWIFT_VERSION = 5.0;
				TARGETED_DEVICE_FAMILY = "1,2";
			};
			name = Debug;
		};
		74C81DA92F85185D006BC9EF /* Release */ = {
			isa = XCBuildConfiguration;
			buildSettings = {
				ASSETCATALOG_COMPILER_GLOBAL_ACCENT_COLOR_NAME = AccentColor;
				ASSETCATALOG_COMPILER_WIDGET_BACKGROUND_COLOR_NAME = WidgetBackground;
				CODE_SIGN_STYLE = Automatic;
				CURRENT_PROJECT_VERSION = 1;
				DEVELOPMENT_TEAM = YNXC5CY44T;
				GENERATE_INFOPLIST_FILE = YES;
				INFOPLIST_FILE = GymJamWidgets/Info.plist;
				INFOPLIST_KEY_CFBundleDisplayName = GymJamWidgets;
				INFOPLIST_KEY_NSHumanReadableCopyright = "";
				IPHONEOS_DEPLOYMENT_TARGET = 18.0;
				LD_RUNPATH_SEARCH_PATHS = (
					"$(inherited)",
					"@executable_path/Frameworks",
					"@executable_path/../../Frameworks",
				);
				MARKETING_VERSION = 1.0;
				PRODUCT_BUNDLE_IDENTIFIER = com.den.gymbro.app.widgets;
				PRODUCT_NAME = "$(TARGET_NAME)";
				SDKROOT = iphoneos;
				SKIP_INSTALL = YES;
				STRING_CATALOG_GENERATE_SYMBOLS = YES;
				SWIFT_APPROACHABLE_CONCURRENCY = YES;
				SWIFT_EMIT_LOC_STRINGS = YES;
				SWIFT_UPCOMING_FEATURE_MEMBER_IMPORT_VISIBILITY = YES;
				SWIFT_VERSION = 5.0;
				TARGETED_DEVICE_FAMILY = "1,2";
				VALIDATE_PRODUCT = YES;
			};
			name = Release;
		};
		74C81DAA2F85185D006BC9EF /* Staging */ = {
			isa = XCBuildConfiguration;
			buildSettings = {
				ASSETCATALOG_COMPILER_GLOBAL_ACCENT_COLOR_NAME = AccentColor;
				ASSETCATALOG_COMPILER_WIDGET_BACKGROUND_COLOR_NAME = WidgetBackground;
				CODE_SIGN_STYLE = Automatic;
				CURRENT_PROJECT_VERSION = 1;
				DEVELOPMENT_TEAM = YNXC5CY44T;
				GENERATE_INFOPLIST_FILE = YES;
				INFOPLIST_FILE = GymJamWidgets/Info.plist;
				INFOPLIST_KEY_CFBundleDisplayName = GymJamWidgets;
				INFOPLIST_KEY_NSHumanReadableCopyright = "";
				IPHONEOS_DEPLOYMENT_TARGET = 18.0;
				LD_RUNPATH_SEARCH_PATHS = (
					"$(inherited)",
					"@executable_path/Frameworks",
					"@executable_path/../../Frameworks",
				);
				MARKETING_VERSION = 1.0;
				PRODUCT_BUNDLE_IDENTIFIER = com.den.gymbro.app.staging.widgets;
				PRODUCT_NAME = "$(TARGET_NAME)";
				SDKROOT = iphoneos;
				SKIP_INSTALL = YES;
				STRING_CATALOG_GENERATE_SYMBOLS = YES;
				SWIFT_APPROACHABLE_CONCURRENCY = YES;
				SWIFT_EMIT_LOC_STRINGS = YES;
				SWIFT_UPCOMING_FEATURE_MEMBER_IMPORT_VISIBILITY = YES;
				SWIFT_VERSION = 5.0;
				TARGETED_DEVICE_FAMILY = "1,2";
				VALIDATE_PRODUCT = YES;
			};
			name = Staging;
		};
		74D00000000000000000F101 /* Staging */ = {
			isa = XCBuildConfiguration;
			buildSettings = {
				ALWAYS_SEARCH_USER_PATHS = NO;
				ASSETCATALOG_COMPILER_GENERATE_SWIFT_ASSET_SYMBOL_EXTENSIONS = YES;
				CLANG_ANALYZER_NONNULL = YES;
				CLANG_ANALYZER_NUMBER_OBJECT_CONVERSION = YES_AGGRESSIVE;
				CLANG_CXX_LANGUAGE_STANDARD = "gnu++20";
				CLANG_ENABLE_MODULES = YES;
				CLANG_ENABLE_OBJC_ARC = YES;
				CLANG_ENABLE_OBJC_WEAK = YES;
				CLANG_WARN_BLOCK_CAPTURE_AUTORELEASING = YES;
				CLANG_WARN_BOOL_CONVERSION = YES;
				CLANG_WARN_COMMA = YES;
				CLANG_WARN_CONSTANT_CONVERSION = YES;
				CLANG_WARN_DEPRECATED_OBJC_IMPLEMENTATIONS = YES;
				CLANG_WARN_DIRECT_OBJC_ISA_USAGE = YES_ERROR;
				CLANG_WARN_DOCUMENTATION_COMMENTS = YES;
				CLANG_WARN_EMPTY_BODY = YES;
				CLANG_WARN_ENUM_CONVERSION = YES;
				CLANG_WARN_INFINITE_RECURSION = YES;
				CLANG_WARN_INT_CONVERSION = YES;
				CLANG_WARN_NON_LITERAL_NULL_CONVERSION = YES;
				CLANG_WARN_OBJC_IMPLICIT_RETAIN_SELF = YES;
				CLANG_WARN_OBJC_LITERAL_CONVERSION = YES;
				CLANG_WARN_OBJC_ROOT_CLASS = YES_ERROR;
				CLANG_WARN_QUOTED_INCLUDE_IN_FRAMEWORK_HEADER = YES;
				CLANG_WARN_RANGE_LOOP_ANALYSIS = YES;
				CLANG_WARN_STRICT_PROTOTYPES = YES;
				CLANG_WARN_SUSPICIOUS_MOVE = YES;
				CLANG_WARN_UNGUARDED_AVAILABILITY = YES_AGGRESSIVE;
				CLANG_WARN_UNREACHABLE_CODE = YES;
				CLANG_WARN__DUPLICATE_METHOD_MATCH = YES;
				COPY_PHASE_STRIP = NO;
				DEBUG_INFORMATION_FORMAT = dwarf;
				DEVELOPMENT_TEAM = YNXC5CY44T;
				ENABLE_STRICT_OBJC_MSGSEND = YES;
				ENABLE_TESTABILITY = YES;
				ENABLE_USER_SCRIPT_SANDBOXING = YES;
				GCC_C_LANGUAGE_STANDARD = gnu17;
				GCC_DYNAMIC_NO_PIC = NO;
				GCC_NO_COMMON_BLOCKS = YES;
				GCC_OPTIMIZATION_LEVEL = 0;
				GCC_PREPROCESSOR_DEFINITIONS = (
					"DEBUG=1",
					"$(inherited)",
				);
				GCC_WARN_64_TO_32_BIT_CONVERSION = YES;
				GCC_WARN_ABOUT_RETURN_TYPE = YES_ERROR;
				GCC_WARN_UNDECLARED_SELECTOR = YES;
				GCC_WARN_UNINITIALIZED_AUTOS = YES_AGGRESSIVE;
				GCC_WARN_UNUSED_FUNCTION = YES;
				GCC_WARN_UNUSED_VARIABLE = YES;
				LOCALIZATION_PREFERS_STRING_CATALOGS = YES;
				MTL_ENABLE_DEBUG_INFO = INCLUDE_SOURCE;
				MTL_FAST_MATH = YES;
				ONLY_ACTIVE_ARCH = YES;
				SWIFT_ACTIVE_COMPILATION_CONDITIONS = "DEBUG $(inherited)";
				SWIFT_OPTIMIZATION_LEVEL = "-Onone";
			};
			name = Staging;
		};
		74D00000000000000000F102 /* Staging */ = {
			isa = XCBuildConfiguration;
			baseConfigurationReference = 74D0000000000000000000F0 /* Staging.xcconfig */;
			buildSettings = {
				ASSETCATALOG_COMPILER_APPICON_NAME = "AppIcon-Staging";
				ASSETCATALOG_COMPILER_GLOBAL_ACCENT_COLOR_NAME = AccentColor;
				CODE_SIGN_ENTITLEMENTS = GymBro/Resources/GymBro.entitlements;
				CODE_SIGN_STYLE = Automatic;
				CURRENT_PROJECT_VERSION = 1;
				DEVELOPMENT_TEAM = YNXC5CY44T;
				ENABLE_APP_SANDBOX = YES;
				ENABLE_HARDENED_RUNTIME = YES;
				ENABLE_PREVIEWS = YES;
				ENABLE_USER_SELECTED_FILES = readonly;
				GENERATE_INFOPLIST_FILE = YES;
				INFOPLIST_FILE = Info.plist;
				INFOPLIST_KEY_CFBundleDisplayName = "GymJam - Staging";
				INFOPLIST_KEY_NSCameraUsageDescription = "GymJam needs camera access to take a profile photo.";
				INFOPLIST_KEY_NSHealthShareUsageDescription = "GymJam needs access to your health data to track workouts, monitor heart rate, analyze active energy burned, and record body measurements to help you achieve your fitness goals.";
				INFOPLIST_KEY_NSHealthUpdateUsageDescription = "GymJam needs permission to save your workout data, body measurements, and fitness progress to the Health app.";
				INFOPLIST_KEY_NSPhotoLibraryUsageDescription = "GymJam needs photo library access to choose a profile photo.";
				INFOPLIST_KEY_NSSupportsLiveActivities = YES;
				"INFOPLIST_KEY_UIApplicationSceneManifest_Generation[sdk=iphoneos*]" = YES;
				"INFOPLIST_KEY_UIApplicationSceneManifest_Generation[sdk=iphonesimulator*]" = YES;
				"INFOPLIST_KEY_UIApplicationSupportsIndirectInputEvents[sdk=iphoneos*]" = YES;
				"INFOPLIST_KEY_UIApplicationSupportsIndirectInputEvents[sdk=iphonesimulator*]" = YES;
				"INFOPLIST_KEY_UILaunchScreen_Generation[sdk=iphoneos*]" = YES;
				"INFOPLIST_KEY_UILaunchScreen_Generation[sdk=iphonesimulator*]" = YES;
				"INFOPLIST_KEY_UIStatusBarStyle[sdk=iphoneos*]" = UIStatusBarStyleDefault;
				"INFOPLIST_KEY_UIStatusBarStyle[sdk=iphonesimulator*]" = UIStatusBarStyleDefault;
				INFOPLIST_KEY_UISupportedInterfaceOrientations_iPad = "UIInterfaceOrientationPortrait UIInterfaceOrientationPortraitUpsideDown UIInterfaceOrientationLandscapeLeft UIInterfaceOrientationLandscapeRight";
				INFOPLIST_KEY_UISupportedInterfaceOrientations_iPhone = "UIInterfaceOrientationPortrait UIInterfaceOrientationLandscapeLeft UIInterfaceOrientationLandscapeRight";
				INFOPLIST_KEY_UIUserInterfaceStyle = Light;
				IPHONEOS_DEPLOYMENT_TARGET = 18.0;
				LD_RUNPATH_SEARCH_PATHS = "@executable_path/Frameworks";
				"LD_RUNPATH_SEARCH_PATHS[sdk=macosx*]" = "@executable_path/../Frameworks";
				MACOSX_DEPLOYMENT_TARGET = 14.0;
				MARKETING_VERSION = 1.3;
				PRODUCT_BUNDLE_IDENTIFIER = com.den.gymbro.app.staging;
				PRODUCT_NAME = "$(TARGET_NAME)";
				REGISTER_APP_GROUPS = YES;
				SDKROOT = auto;
				STRING_CATALOG_GENERATE_SYMBOLS = YES;
				SUPPORTED_PLATFORMS = "iphoneos iphonesimulator macosx xros xrsimulator";
				SWIFT_APPROACHABLE_CONCURRENCY = YES;
				SWIFT_DEFAULT_ACTOR_ISOLATION = MainActor;
				SWIFT_EMIT_LOC_STRINGS = YES;
				SWIFT_UPCOMING_FEATURE_MEMBER_IMPORT_VISIBILITY = YES;
				SWIFT_VERSION = 5.0;
				TARGETED_DEVICE_FAMILY = "1,2,7";
				XROS_DEPLOYMENT_TARGET = 1.0;
			};
			name = Staging;
		};
		74D00000000000000000F103 /* Staging */ = {
			isa = XCBuildConfiguration;
			buildSettings = {
				BUNDLE_LOADER = "$(TEST_HOST)";
				CODE_SIGN_STYLE = Automatic;
				CURRENT_PROJECT_VERSION = 1;
				DEVELOPMENT_TEAM = YNXC5CY44T;
				GENERATE_INFOPLIST_FILE = YES;
				IPHONEOS_DEPLOYMENT_TARGET = 18.0;
				MACOSX_DEPLOYMENT_TARGET = 14.0;
				MARKETING_VERSION = 1.0;
				PRODUCT_BUNDLE_IDENTIFIER = com.gymbro.app.GymBroTests.staging;
				PRODUCT_NAME = "$(TARGET_NAME)";
				SDKROOT = auto;
				STRING_CATALOG_GENERATE_SYMBOLS = NO;
				SUPPORTED_PLATFORMS = "iphoneos iphonesimulator macosx xros xrsimulator";
				SWIFT_APPROACHABLE_CONCURRENCY = YES;
				SWIFT_EMIT_LOC_STRINGS = NO;
				SWIFT_UPCOMING_FEATURE_MEMBER_IMPORT_VISIBILITY = YES;
				SWIFT_VERSION = 5.0;
				TARGETED_DEVICE_FAMILY = "1,2,7";
				TEST_HOST = "$(BUILT_PRODUCTS_DIR)/GymBro.app/$(BUNDLE_EXECUTABLE_FOLDER_PATH)/GymBro";
				XROS_DEPLOYMENT_TARGET = 1.0;
			};
			name = Staging;
		};
		74D00000000000000000F104 /* Staging */ = {
			isa = XCBuildConfiguration;
			buildSettings = {
				CODE_SIGN_STYLE = Automatic;
				CURRENT_PROJECT_VERSION = 1;
				DEVELOPMENT_TEAM = YNXC5CY44T;
				GENERATE_INFOPLIST_FILE = YES;
				IPHONEOS_DEPLOYMENT_TARGET = 18.0;
				MACOSX_DEPLOYMENT_TARGET = 14.0;
				MARKETING_VERSION = 1.0;
				PRODUCT_BUNDLE_IDENTIFIER = com.gymbro.app.GymBroUITests.staging;
				PRODUCT_NAME = "$(TARGET_NAME)";
				SDKROOT = auto;
				STRING_CATALOG_GENERATE_SYMBOLS = NO;
				SUPPORTED_PLATFORMS = "iphoneos iphonesimulator macosx xros xrsimulator";
				SWIFT_APPROACHABLE_CONCURRENCY = YES;
				SWIFT_EMIT_LOC_STRINGS = NO;
				SWIFT_UPCOMING_FEATURE_MEMBER_IMPORT_VISIBILITY = YES;
				SWIFT_VERSION = 5.0;
				TARGETED_DEVICE_FAMILY = "1,2,7";
				TEST_TARGET_NAME = GymBro;
				XROS_DEPLOYMENT_TARGET = 1.0;
			};
			name = Staging;
		};
		8B70C036E9ED8CDA9ED54DB4 /* Release */ = {
			isa = XCBuildConfiguration;
			buildSettings = {
				ASSETCATALOG_COMPILER_APPICON_NAME = AppIcon;
				ASSETCATALOG_COMPILER_GLOBAL_ACCENT_COLOR_NAME = AccentColor;
				CODE_SIGN_ENTITLEMENTS = GymJamWatch/GymJamWatch.entitlements;
				CODE_SIGN_IDENTITY = "Apple Development";
				CODE_SIGN_STYLE = Automatic;
				CURRENT_PROJECT_VERSION = 1;
				DEVELOPMENT_TEAM = YNXC5CY44T;
				GENERATE_INFOPLIST_FILE = NO;
				INFOPLIST_FILE = GymJamWatch/Info.plist;
				MARKETING_VERSION = 1.0;
				PRODUCT_BUNDLE_IDENTIFIER = com.den.gymbro.app.watch;
				PRODUCT_NAME = "$(TARGET_NAME)";
				PROVISIONING_PROFILE_SPECIFIER = "";
				SDKROOT = watchos;
				SKIP_INSTALL = YES;
				SUPPORTS_MACCATALYST = NO;
				SWIFT_STRICT_CONCURRENCY = targeted;
				SWIFT_VERSION = 6.0;
				TARGETED_DEVICE_FAMILY = 4;
				VALIDATE_PRODUCT = YES;
				WATCHOS_DEPLOYMENT_TARGET = 10.6;
				WATCH_COMPANION_BUNDLE_ID = com.den.gymbro.app;
				WATCH_DISPLAY_NAME = GymJam;
			};
			name = Release;
		};
		C5F60FA6C9402F04636DEFBD /* Debug */ = {
			isa = XCBuildConfiguration;
			buildSettings = {
				ASSETCATALOG_COMPILER_APPICON_NAME = AppIcon;
				ASSETCATALOG_COMPILER_GLOBAL_ACCENT_COLOR_NAME = AccentColor;
				CODE_SIGN_ENTITLEMENTS = GymJamWatch/GymJamWatch.entitlements;
				CODE_SIGN_IDENTITY = "Apple Development";
				CODE_SIGN_STYLE = Automatic;
				CURRENT_PROJECT_VERSION = 1;
				DEVELOPMENT_TEAM = YNXC5CY44T;
				GENERATE_INFOPLIST_FILE = NO;
				INFOPLIST_FILE = GymJamWatch/Info.plist;
				MARKETING_VERSION = 1.0;
				PRODUCT_BUNDLE_IDENTIFIER = com.den.gymbro.app.watch;
				PRODUCT_NAME = "$(TARGET_NAME)";
				PROVISIONING_PROFILE_SPECIFIER = "";
				SDKROOT = watchos;
				SKIP_INSTALL = YES;
				SUPPORTS_MACCATALYST = NO;
				SWIFT_STRICT_CONCURRENCY = targeted;
				SWIFT_VERSION = 6.0;
				TARGETED_DEVICE_FAMILY = 4;
				WATCHOS_DEPLOYMENT_TARGET = 10.6;
				WATCH_COMPANION_BUNDLE_ID = com.den.gymbro.app;
				WATCH_DISPLAY_NAME = GymJam;
			};
			name = Debug;
		};
		D1090391605452898A4E23CD /* Staging */ = {
			isa = XCBuildConfiguration;
			buildSettings = {
				ASSETCATALOG_COMPILER_APPICON_NAME = "AppIcon-Staging";
				ASSETCATALOG_COMPILER_GLOBAL_ACCENT_COLOR_NAME = AccentColor;
				CODE_SIGN_ENTITLEMENTS = GymJamWatch/GymJamWatch.entitlements;
				CODE_SIGN_IDENTITY = "Apple Development";
				CODE_SIGN_STYLE = Automatic;
				CURRENT_PROJECT_VERSION = 1;
				DEVELOPMENT_TEAM = YNXC5CY44T;
				GENERATE_INFOPLIST_FILE = NO;
				INFOPLIST_FILE = GymJamWatch/Info.plist;
				MARKETING_VERSION = 1.0;
				PRODUCT_BUNDLE_IDENTIFIER = com.den.gymbro.app.staging.watch;
				PRODUCT_NAME = "$(TARGET_NAME)";
				PROVISIONING_PROFILE_SPECIFIER = "";
				SDKROOT = watchos;
				SKIP_INSTALL = YES;
				SUPPORTS_MACCATALYST = NO;
				SWIFT_STRICT_CONCURRENCY = targeted;
				SWIFT_VERSION = 6.0;
				TARGETED_DEVICE_FAMILY = 4;
				WATCHOS_DEPLOYMENT_TARGET = 10.6;
				WATCH_COMPANION_BUNDLE_ID = com.den.gymbro.app.staging;
				WATCH_DISPLAY_NAME = "GymJam - Staging";
			};
			name = Staging;
		};
/* End XCBuildConfiguration section */

/* Begin XCConfigurationList section */
		743C12B82F62F80400DDED12 /* Build configuration list for PBXProject "GymBro" */ = {
			isa = XCConfigurationList;
			buildConfigurations = (
				743C12DC2F62F80500DDED12 /* Debug */,
				743C12DD2F62F80500DDED12 /* Release */,
				74D00000000000000000F101 /* Staging */,
			);
			defaultConfigurationIsVisible = 0;
			defaultConfigurationName = Release;
		};
		743C12DE2F62F80500DDED12 /* Build configuration list for PBXNativeTarget "GymJam" */ = {
			isa = XCConfigurationList;
			buildConfigurations = (
				743C12DF2F62F80500DDED12 /* Debug */,
				743C12E02F62F80500DDED12 /* Release */,
				74D00000000000000000F102 /* Staging */,
			);
			defaultConfigurationIsVisible = 0;
			defaultConfigurationName = Release;
		};
		743C12E12F62F80500DDED12 /* Build configuration list for PBXNativeTarget "GymBroTests" */ = {
			isa = XCConfigurationList;
			buildConfigurations = (
				743C12E22F62F80500DDED12 /* Debug */,
				743C12E32F62F80500DDED12 /* Release */,
				74D00000000000000000F103 /* Staging */,
			);
			defaultConfigurationIsVisible = 0;
			defaultConfigurationName = Release;
		};
		743C12E42F62F80500DDED12 /* Build configuration list for PBXNativeTarget "GymBroUITests" */ = {
			isa = XCConfigurationList;
			buildConfigurations = (
				743C12E52F62F80500DDED12 /* Debug */,
				743C12E62F62F80500DDED12 /* Release */,
				74D00000000000000000F104 /* Staging */,
			);
			defaultConfigurationIsVisible = 0;
			defaultConfigurationName = Release;
		};
		74C81DA72F85185D006BC9EF /* Build configuration list for PBXNativeTarget "GymJamWidgetsExtension" */ = {
			isa = XCConfigurationList;
			buildConfigurations = (
				74C81DA82F85185D006BC9EF /* Debug */,
				74C81DA92F85185D006BC9EF /* Release */,
				74C81DAA2F85185D006BC9EF /* Staging */,
			);
			defaultConfigurationIsVisible = 0;
			defaultConfigurationName = Release;
		};
		B81F557F4415692488396DBD /* Build configuration list for PBXNativeTarget "GymJamWatch" */ = {
			isa = XCConfigurationList;
			buildConfigurations = (
				8B70C036E9ED8CDA9ED54DB4 /* Release */,
				C5F60FA6C9402F04636DEFBD /* Debug */,
				D1090391605452898A4E23CD /* Staging */,
			);
			defaultConfigurationIsVisible = 0;
			defaultConfigurationName = Release;
		};
/* End XCConfigurationList section */

/* Begin XCRemoteSwiftPackageReference section */
		7400000000000000000000A1 /* XCRemoteSwiftPackageReference "Alamofire" */ = {
			isa = XCRemoteSwiftPackageReference;
			repositoryURL = "https://github.com/Alamofire/Alamofire.git";
			requirement = {
				kind = upToNextMajorVersion;
				minimumVersion = 5.9.1;
			};
		};
		7400000000000000000000A2 /* XCRemoteSwiftPackageReference "Swinject" */ = {
			isa = XCRemoteSwiftPackageReference;
			repositoryURL = "https://github.com/Swinject/Swinject.git";
			requirement = {
				kind = upToNextMajorVersion;
				minimumVersion = 2.9.1;
			};
		};
		7400000000000000000000A3 /* XCRemoteSwiftPackageReference "supabase-swift" */ = {
			isa = XCRemoteSwiftPackageReference;
			repositoryURL = "https://github.com/supabase/supabase-swift.git";
			requirement = {
				kind = upToNextMajorVersion;
				minimumVersion = 2.0.0;
			};
		};
		7400000000000000000000A4 /* XCRemoteSwiftPackageReference "GoogleSignIn-iOS" */ = {
			isa = XCRemoteSwiftPackageReference;
			repositoryURL = "https://github.com/google/GoogleSignIn-iOS.git";
			requirement = {
				kind = upToNextMajorVersion;
				minimumVersion = 8.0.0;
			};
		};
		7400000000000000000000A5 /* XCRemoteSwiftPackageReference "Agrume" */ = {
			isa = XCRemoteSwiftPackageReference;
			repositoryURL = "https://github.com/JanGorman/Agrume.git";
			requirement = {
				kind = upToNextMajorVersion;
				minimumVersion = 5.8.10;
			};
		};
		7400000000000000000000A6 /* XCRemoteSwiftPackageReference "SDWebImageSwiftUI" */ = {
			isa = XCRemoteSwiftPackageReference;
			repositoryURL = "https://github.com/SDWebImage/SDWebImageSwiftUI.git";
			requirement = {
				kind = upToNextMajorVersion;
				minimumVersion = 3.1.0;
			};
		};
		74C8F57B2F73ED9E006BC9EF /* XCRemoteSwiftPackageReference "firebase-ios-sdk" */ = {
			isa = XCRemoteSwiftPackageReference;
			repositoryURL = "https://github.com/firebase/firebase-ios-sdk";
			requirement = {
				kind = upToNextMajorVersion;
				minimumVersion = 12.11.0;
			};
		};
/* End XCRemoteSwiftPackageReference section */

/* Begin XCSwiftPackageProductDependency section */
		7400000000000000000000B1 /* Alamofire */ = {
			isa = XCSwiftPackageProductDependency;
			package = 7400000000000000000000A1 /* XCRemoteSwiftPackageReference "Alamofire" */;
			productName = Alamofire;
		};
		7400000000000000000000B2 /* Swinject */ = {
			isa = XCSwiftPackageProductDependency;
			package = 7400000000000000000000A2 /* XCRemoteSwiftPackageReference "Swinject" */;
			productName = Swinject;
		};
		7400000000000000000000B3 /* Supabase */ = {
			isa = XCSwiftPackageProductDependency;
			package = 7400000000000000000000A3 /* XCRemoteSwiftPackageReference "supabase-swift" */;
			productName = Supabase;
		};
		7400000000000000000000B4 /* Auth */ = {
			isa = XCSwiftPackageProductDependency;
			package = 7400000000000000000000A3 /* XCRemoteSwiftPackageReference "supabase-swift" */;
			productName = Auth;
		};
		7400000000000000000000B5 /* GoogleSignIn */ = {
			isa = XCSwiftPackageProductDependency;
			package = 7400000000000000000000A4 /* XCRemoteSwiftPackageReference "GoogleSignIn-iOS" */;
			productName = GoogleSignIn;
		};
		7400000000000000000000B6 /* GoogleSignInSwift */ = {
			isa = XCSwiftPackageProductDependency;
			package = 7400000000000000000000A4 /* XCRemoteSwiftPackageReference "GoogleSignIn-iOS" */;
			productName = GoogleSignInSwift;
		};
		7400000000000000000000B7 /* Agrume */ = {
			isa = XCSwiftPackageProductDependency;
			package = 7400000000000000000000A5 /* XCRemoteSwiftPackageReference "Agrume" */;
			productName = Agrume;
		};
		7400000000000000000000B8 /* SDWebImageSwiftUI */ = {
			isa = XCSwiftPackageProductDependency;
			package = 7400000000000000000000A6 /* XCRemoteSwiftPackageReference "SDWebImageSwiftUI" */;
			productName = SDWebImageSwiftUI;
		};
		74C8F57C2F73ED9E006BC9EF /* FirebaseMessaging */ = {
			isa = XCSwiftPackageProductDependency;
			package = 74C8F57B2F73ED9E006BC9EF /* XCRemoteSwiftPackageReference "firebase-ios-sdk" */;
			productName = FirebaseMessaging;
		};
		74C8F57E2F73ED9E006BC9EF /* FirebaseAnalytics */ = {
			isa = XCSwiftPackageProductDependency;
			package = 74C8F57B2F73ED9E006BC9EF /* XCRemoteSwiftPackageReference "firebase-ios-sdk" */;
			productName = FirebaseAnalytics;
		};
/* End XCSwiftPackageProductDependency section */
	};
	rootObject = 743C12B52F62F80400DDED12 /* Project object */;
}
